{
  "name": "sidebar-monorepo-turbopack",
  "version": "0.0.1",
  "lockfileVersion": 3,
  "requires": true,
  "packages": {
    "": {
      "name": "sidebar-monorepo-turbopack",
      "version": "0.0.1",
      "license": "MIT",
      "workspaces": [
        "packages/*",
        "clients/*"
      ],
      "devDependencies": {
        "turbo": "^2.1.3"
      }
    },
    "node_modules/.pnpm/turbo-darwin-arm64@2.7.6/node_modules/turbo-darwin-arm64": {
      "version": "2.7.6",
      "cpu": [
        "arm64"
      ],
      "dev": true,
      "license": "MIT",
      "optional": true,
      "os": [
        "darwin"
      ]
    },
    "node_modules/.pnpm/turbo@2.7.6": {
      "dev": true
    },
    "node_modules/.pnpm/turbo@2.7.6/node_modules/turbo": {
      "version": "2.7.6",
      "dev": true,
      "license": "MIT",
      "bin": {
        "turbo": "bin/turbo"
      },
      "optionalDependencies": {
        "turbo-darwin-64": "2.7.6",
        "turbo-darwin-arm64": "2.7.6",
        "turbo-linux-64": "2.7.6",
        "turbo-linux-arm64": "2.7.6",
        "turbo-windows-64": "2.7.6",
        "turbo-windows-arm64": "2.7.6"
      }
    },
    "node_modules/.pnpm/turbo@2.7.6/node_modules/turbo-darwin-arm64": {
      "resolved": "node_modules/.pnpm/turbo-darwin-arm64@2.7.6/node_modules/turbo-darwin-arm64",
      "link": true
    },
    "node_modules/sidebar-monorepo-turbopack-packages-analytics": {
      "resolved": "packages/analytics",
      "link": true
    },
    "node_modules/sidebar-monorepo-turbopack-packages-extension": {
      "resolved": "packages/extension",
      "link": true
    },
    "node_modules/turbo": {
      "resolved": "node_modules/.pnpm/turbo@2.7.6/node_modules/turbo",
      "link": true
    },
    "node_modules/turbo-darwin-64": {
      "version": "2.7.6",
      "resolved": "https://registry.npmjs.org/turbo-darwin-64/-/turbo-darwin-64-2.7.6.tgz",
      "integrity": "sha512-bYu0qnWju2Ha3EbIkPCk1SMLT3sltKh1P/Jy5FER6BmH++H5z+T5MHh3W1Xoers9rk4N1VdKvog9FO1pxQyjhw==",
      "cpu": [
        "x64"
      ],
      "dev": true,
      "license": "MIT",
      "optional": true,
      "os": [
        "darwin"
      ]
    },
    "node_modules/turbo-linux-64": {
      "version": "2.7.6",
      "resolved": "https://registry.npmjs.org/turbo-linux-64/-/turbo-linux-64-2.7.6.tgz",
      "integrity": "sha512-vjoU8zIfNgvJR3cMitgw7inEoi6bmuVuFawDl5yKtxjAEhDktFdRBpGS3WojD4l3BklBbIK689ssXcGf21LxRA==",
      "cpu": [
        "x64"
      ],
      "dev": true,
      "license": "MIT",
      "optional": true,
      "os": [
        "linux"
      ]
    },
    "node_modules/turbo-linux-arm64": {
      "version": "2.7.6",
      "resolved": "https://registry.npmjs.org/turbo-linux-arm64/-/turbo-linux-arm64-2.7.6.tgz",
      "integrity": "sha512-TcMpBvTqZf+1DptrVYLbZls7WY1UVNDTGaf0bo7/GCgWYv5eZHCVo4Td7kCJeDU4glbXg67REX0md0S0V6ghMg==",
      "cpu": [
        "arm64"
      ],
      "dev": true,
      "license": "MIT",
      "optional": true,
      "os": [
        "linux"
      ]
    },
    "node_modules/turbo-windows-64": {
      "version": "2.7.6",
      "resolved": "https://registry.npmjs.org/turbo-windows-64/-/turbo-windows-64-2.7.6.tgz",
      "integrity": "sha512-1/MhkYldiihjneY8QnnDMbAkHXn/udTWSVYS94EMlkE9AShozsLTTOT1gDOpX06EfEW5njP09suhMvxbvwuwpQ==",
      "cpu": [
        "x64"
      ],
      "dev": true,
      "license": "MIT",
      "optional": true,
      "os": [
        "win32"
      ]
    },
    "node_modules/turbo-windows-arm64": {
      "version": "2.7.6",
      "resolved": "https://registry.npmjs.org/turbo-windows-arm64/-/turbo-windows-arm64-2.7.6.tgz",
      "integrity": "sha512-0wDVnUJLFAWm4ZzOQFDkbyyUqaszorTGf3Rdc22IRIyJTTLd6ajqdb+cWD89UZ1RKr953+PZR1gqgWQY4PDuhA==",
      "cpu": [
        "arm64"
      ],
      "dev": true,
      "license": "MIT",
      "optional": true,
      "os": [
        "win32"
      ]
    },
    "packages/analytics": {
      "name": "sidebar-monorepo-turbopack-packages-analytics",
      "version": "0.0.1"
    },
    "packages/extension": {
      "name": "sidebar-monorepo-turbopack-packages-extension",
      "version": "0.0.1"
    }
  }
}
